
Microsoft Visual Studio Solution File, Format Version 12.00
# Visual Studio Version 16
VisualStudioVersion = 16.0.32228.343
MinimumVisualStudioVersion = 10.0.40219.1
Project("{FAE04EC0-301F-11D3-BF4B-00C04F79EFBC}") = "WpfApp2", "WpfApp2\WpfApp2.csproj", "{2094B9F3-FFC0-4932-8245-591A0333BAD1}"
EndProject
Global
	GlobalSection(SolutionConfigurationPlatforms) = preSolution
		Debug|Any CPU = Debug|Any CPU
		Release|Any CPU = Release|Any CPU
	EndGlobalSection
	GlobalSection(ProjectConfigurationPlatforms) = postSolution
		{2094B9F3-FFC0-4932-8245-591A0333BAD1}.Debug|Any CPU.ActiveCfg = Debug|Any CPU
		{2094B9F3-FFC0-4932-8245-591A0333BAD1}.Debug|Any CPU.Build.0 = Debug|Any CPU
		{2094B9F3-FFC0-4932-8245-591A0333BAD1}.Release|Any CPU.ActiveCfg = Release|Any CPU
		{2094B9F3-FFC0-4932-8245-591A0333BAD1}.Release|Any CPU.Build.0 = Release|Any CPU
	EndGlobalSection
	GlobalSection(SolutionProperties) = preSolution
		HideSolutionNode = FALSE
	EndGlobalSection
	GlobalSection(ExtensibilityGlobals) = postSolution
		SolutionGuid = {E745B827-8DF2-4F8F-B576-59A1AAF5F998}
	EndGlobalSection
EndGlobal
